{
  "version": "5",
  "redirects": {
    "https://esm.sh/@supabase/supabase-js@2": "https://esm.sh/@supabase/supabase-js@2.110.0",
    "https://esm.sh/iceberg-js@^0.8.1?target=denonext": "https://esm.sh/iceberg-js@0.8.1?target=denonext"
  },
  "remote": {
    "https://esm.sh/@supabase/auth-js@2.110.0/denonext/auth-js.mjs": "9343a81cff9b86e6c51f173c9d6bd775791755648553520722a85ba59099f38f",
    "https://esm.sh/@supabase/functions-js@2.110.0/denonext/functions-js.mjs": "e34b2f3b958ab4b0339bc0e58781bb264d5387162e1094fad63b35b8746c835d",
    "https://esm.sh/@supabase/phoenix@0.4.4/denonext/phoenix.mjs": "2c4954292d10fd9137d66a1b7abd73bf24f9771a444c3d4e267b12e1e2b132c8",
    "https://esm.sh/@supabase/postgrest-js@2.110.0/denonext/postgrest-js.mjs": "6ab3b6d6194d199b1319fd523142ccefc443be29e8280f1007c9917d83ba00e2",
    "https://esm.sh/@supabase/realtime-js@2.110.0/denonext/realtime-js.mjs": "300a4129865ad69c45d79e89963e357d003847fb707a5c88cfebf63030db2f2b",
    "https://esm.sh/@supabase/storage-js@2.110.0/denonext/storage-js.mjs": "1bf5f1363d7e019fb4e7ba41b3f00e4e338acec2379835591f8d4f5590e96a3a",
    "https://esm.sh/@supabase/supabase-js@2.110.0": "b99c0ce7729f9de7797f836b93ab9ec94f1cfe079b4f937fa4144fe13525e979",
    "https://esm.sh/@supabase/supabase-js@2.110.0/denonext/supabase-js.mjs": "eb573f7b15e0522ac34f4fa0a02011bc237dade5b71946aafb19d375ed8f278b",
    "https://esm.sh/iceberg-js@0.8.1/denonext/iceberg-js.mjs": "d839d81a2e3966500ca2cdd0c1cb458e9608bacfc91f7bb67a69b2e878dcdb4f",
    "https://esm.sh/iceberg-js@0.8.1?target=denonext": "58c849d7fe2bf4eca4a84eb501e83c161a7d8c34ca1bec15a962b3bec3062633",
    "https://esm.sh/tslib@2.8.1/denonext/tslib.mjs": "c38da5dd6da6281964435002ce204cd586634fe3bdfb24a0ee116f48cf3292e9"
  }
}
